<?xml version="1.0" encoding="utf-8"?>
<Project ToolsVersion="4.0" xmlns="http://schemas.microsoft.com/developer/msbuild/2003">
  <ItemGroup>
    <Filter Include="源文件">
      <UniqueIdentifier>{4FC737F1-C7A5-4376-A066-2A32D752A2FF}</UniqueIdentifier>
      <Extensions>cpp;c;cc;cxx;def;odl;idl;hpj;bat;asm;asmx</Extensions>
    </Filter>
    <Filter Include="头文件">
      <UniqueIdentifier>{93995380-89BD-4b04-88EB-625FBE52EBFB}</UniqueIdentifier>
      <Extensions>h;hh;hpp;hxx;hm;inl;inc;xsd</Extensions>
    </Filter>
    <Filter Include="资源文件">
      <UniqueIdentifier>{67DA6AB6-F800-4c08-8B7A-83BB121AAD01}</UniqueIdentifier>
      <Extensions>rc;ico;cur;bmp;dlg;rc2;rct;bin;rgs;gif;jpg;jpeg;jpe;resx;tiff;tif;png;wav;mfcribbon-ms</Extensions>
    </Filter>
  </ItemGroup>
  <ItemGroup>
    <Text Include="ReadMe.txt" />
  </ItemGroup>
  <ItemGroup>
    <ClInclude Include="MFCApplication2.h">
      <Filter>头文件</Filter>
    </ClInclude>
    <ClInclude Include="MFCApplication2Dlg.h">
      <Filter>头文件</Filter>
    </ClInclude>
    <ClInclude Include="stdafx.h">
      <Filter>头文件</Filter>
    </ClInclude>
    <ClInclude Include="targetver.h">
      <Filter>头文件</Filter>
    </ClInclude>
    <ClInclude Include="Resource.h">
      <Filter>头文件</Filter>
    </ClInclude>
    <ClInclude Include="DialogPane.h">
      <Filter>头文件</Filter>
    </ClInclude>
    <ClInclude Include="StatusPane.h">
      <Filter>头文件</Filter>
    </ClInclude>
    <ClInclude Include="DialogPaneLeft.h">
      <Filter>头文件</Filter>
    </ClInclude>
    <ClInclude Include="DlgWorkArea.h">
      <Filter>头文件</Filter>
    </ClInclude>
    <ClInclude Include="DlgBottomStatus.h">
      <Filter>头文件</Filter>
    </ClInclude>
    <ClInclude Include="DialogPaneBottom.h">
      <Filter>头文件</Filter>
    </ClInclude>
    <ClInclude Include="controls\PngButton.h">
      <Filter>头文件</Filter>
    </ClInclude>
    <ClInclude Include="controls\PngStateButton.h">
      <Filter>头文件</Filter>
    </ClInclude>
    <ClInclude Include="controls\public_res.h">
      <Filter>头文件</Filter>
    </ClInclude>
    <ClInclude Include="DlgIcon.h">
      <Filter>头文件</Filter>
    </ClInclude>
    <ClInclude Include="DlgPCPrestate.h">
      <Filter>头文件</Filter>
    </ClInclude>
    <ClInclude Include="DlgPageNavistate.h">
      <Filter>头文件</Filter>
    </ClInclude>
    <ClInclude Include="DlgPageCPCheck.h">
      <Filter>头文件</Filter>
    </ClInclude>
    <ClInclude Include="DlgPageRcvrMon.h">
      <Filter>头文件</Filter>
    </ClInclude>
    <ClInclude Include="..\include\ConnectionHead.h">
      <Filter>头文件</Filter>
    </ClInclude>
    <ClInclude Include="..\include\ConnectionInterface.h">
      <Filter>头文件</Filter>
    </ClInclude>
    <ClInclude Include="CDevice.h">
      <Filter>头文件</Filter>
    </ClInclude>
    <ClInclude Include="LockCriticalSection.h">
      <Filter>头文件</Filter>
    </ClInclude>
    <ClInclude Include="Observer.h">
      <Filter>头文件</Filter>
    </ClInclude>
    <ClInclude Include="backexpat.h">
      <Filter>头文件</Filter>
    </ClInclude>
    <ClInclude Include="expat.h">
      <Filter>头文件</Filter>
    </ClInclude>
    <ClInclude Include="msgdef.h">
      <Filter>头文件</Filter>
    </ClInclude>
    <ClInclude Include="Protobuffer.h">
      <Filter>头文件</Filter>
    </ClInclude>
    <ClInclude Include="DialogPaneRight.h">
      <Filter>头文件</Filter>
    </ClInclude>
    <ClInclude Include="DlgRcvrSetting.h">
      <Filter>头文件</Filter>
    </ClInclude>
    <ClInclude Include="DlgDataMon.h">
      <Filter>头文件</Filter>
    </ClInclude>
    <ClInclude Include="DlgVoltageSetting.h">
      <Filter>头文件</Filter>
    </ClInclude>
    <ClInclude Include="IniWrap.h">
      <Filter>头文件</Filter>
    </ClInclude>
    <ClInclude Include="DataLog.h">
      <Filter>头文件</Filter>
    </ClInclude>
    <ClInclude Include="Transmiter.h">
      <Filter>头文件</Filter>
    </ClInclude>
    <ClInclude Include="DlgSearchDevice.h">
      <Filter>头文件</Filter>
    </ClInclude>
    <ClInclude Include="CommandWnds.h">
      <Filter>头文件</Filter>
    </ClInclude>
    <ClInclude Include="DlgConnectPlusB2.h">
      <Filter>头文件</Filter>
    </ClInclude>
  </ItemGroup>
  <ItemGroup>
    <ClCompile Include="MFCApplication2.cpp">
      <Filter>源文件</Filter>
    </ClCompile>
    <ClCompile Include="MFCApplication2Dlg.cpp">
      <Filter>源文件</Filter>
    </ClCompile>
    <ClCompile Include="stdafx.cpp">
      <Filter>源文件</Filter>
    </ClCompile>
    <ClCompile Include="DialogPane.cpp">
      <Filter>源文件</Filter>
    </ClCompile>
    <ClCompile Include="StatusPane.cpp">
      <Filter>源文件</Filter>
    </ClCompile>
    <ClCompile Include="DialogPaneLeft.cpp">
      <Filter>源文件</Filter>
    </ClCompile>
    <ClCompile Include="DlgWorkArea.cpp">
      <Filter>源文件</Filter>
    </ClCompile>
    <ClCompile Include="DlgBottomStatus.cpp">
      <Filter>源文件</Filter>
    </ClCompile>
    <ClCompile Include="DialogPaneBottom.cpp">
      <Filter>源文件</Filter>
    </ClCompile>
    <ClCompile Include="controls\PngButton.cpp">
      <Filter>源文件</Filter>
    </ClCompile>
    <ClCompile Include="controls\PngStateButton.cpp">
      <Filter>源文件</Filter>
    </ClCompile>
    <ClCompile Include="controls\public_res.cpp">
      <Filter>源文件</Filter>
    </ClCompile>
    <ClCompile Include="DlgIcon.cpp">
      <Filter>源文件</Filter>
    </ClCompile>
    <ClCompile Include="DlgPCPrestate.cpp">
      <Filter>源文件</Filter>
    </ClCompile>
    <ClCompile Include="DlgPageNavistate.cpp">
      <Filter>源文件</Filter>
    </ClCompile>
    <ClCompile Include="DlgPageCPCheck.cpp">
      <Filter>源文件</Filter>
    </ClCompile>
    <ClCompile Include="DlgPageRcvrMon.cpp">
      <Filter>源文件</Filter>
    </ClCompile>
    <ClCompile Include="CDevice.cpp">
      <Filter>源文件</Filter>
    </ClCompile>
    <ClCompile Include="LockCriticalSection.cpp">
      <Filter>源文件</Filter>
    </ClCompile>
    <ClCompile Include="Observer.cpp">
      <Filter>源文件</Filter>
    </ClCompile>
    <ClCompile Include="backexpat.cpp">
      <Filter>源文件</Filter>
    </ClCompile>
    <ClCompile Include="expat.cpp">
      <Filter>源文件</Filter>
    </ClCompile>
    <ClCompile Include="msgdef.cpp">
      <Filter>源文件</Filter>
    </ClCompile>
    <ClCompile Include="Protobuffer.cpp">
      <Filter>源文件</Filter>
    </ClCompile>
    <ClCompile Include="DialogPaneRight.cpp">
      <Filter>源文件</Filter>
    </ClCompile>
    <ClCompile Include="DlgRcvrSetting.cpp">
      <Filter>源文件</Filter>
    </ClCompile>
    <ClCompile Include="DlgDataMon.cpp">
      <Filter>源文件</Filter>
    </ClCompile>
    <ClCompile Include="DlgVoltageSetting.cpp">
      <Filter>源文件</Filter>
    </ClCompile>
    <ClCompile Include="IniWrap.cpp">
      <Filter>源文件</Filter>
    </ClCompile>
    <ClCompile Include="DataLog.cpp">
      <Filter>源文件</Filter>
    </ClCompile>
    <ClCompile Include="Transmiter.cpp">
      <Filter>源文件</Filter>
    </ClCompile>
    <ClCompile Include="DlgSearchDevice.cpp">
      <Filter>源文件</Filter>
    </ClCompile>
    <ClCompile Include="CommandWnds.cpp">
      <Filter>源文件</Filter>
    </ClCompile>
    <ClCompile Include="DlgConnectPlusB2.cpp">
      <Filter>源文件</Filter>
    </ClCompile>
  </ItemGroup>
  <ItemGroup>
    <ResourceCompile Include="MFCApplication2.rc">
      <Filter>资源文件</Filter>
    </ResourceCompile>
  </ItemGroup>
  <ItemGroup>
    <None Include="res\MFCApplication2.rc2">
      <Filter>资源文件</Filter>
    </None>
  </ItemGroup>
  <ItemGroup>
    <Image Include="res\MFCApplication2.ico">
      <Filter>资源文件</Filter>
    </Image>
    <Image Include="res\bitmap1.bmp">
      <Filter>资源文件</Filter>
    </Image>
    <Image Include="res\bitmap2.bmp">
      <Filter>资源文件</Filter>
    </Image>
    <Image Include="res\bitmap_m.bmp">
      <Filter>资源文件</Filter>
    </Image>
    <Image Include="res\bmp00001.bmp">
      <Filter>资源文件</Filter>
    </Image>
    <Image Include="res\bitmap_r.bmp">
      <Filter>资源文件</Filter>
    </Image>
    <Image Include="res\bmp00002.bmp">
      <Filter>资源文件</Filter>
    </Image>
    <Image Include="res\bmp00003.bmp">
      <Filter>资源文件</Filter>
    </Image>
    <Image Include="res\bmp00004.bmp">
      <Filter>资源文件</Filter>
    </Image>
    <Image Include="res\bmp00005.bmp">
      <Filter>资源文件</Filter>
    </Image>
    <Image Include="res\bmp00006.bmp">
      <Filter>资源文件</Filter>
    </Image>
    <Image Include="res\bitmap_e.bmp">
      <Filter>资源文件</Filter>
    </Image>
    <Image Include="res\bmp00007.bmp">
      <Filter>资源文件</Filter>
    </Image>
  </ItemGroup>
</Project>